
Microsoft Visual Studio Solution File, Format Version 12.00
# Visual Studio Version 17
VisualStudioVersion = 17.10.35013.160
MinimumVisualStudioVersion = 10.0.40219.1
Project("{FAE04EC0-301F-11D3-BF4B-00C04F79EFBC}") = "BlazorCrudeOP", "BlazorCrudeOP\BlazorCrudeOP\BlazorCrudeOP.csproj", "{55963043-0EA2-43E0-BA09-1CB1CE15B469}"
EndProject
Project("{FAE04EC0-301F-11D3-BF4B-00C04F79EFBC}") = "BlazorCrudeOP.Client", "BlazorCrudeOP\BlazorCrudeOP.Client\BlazorCrudeOP.Client.csproj", "{86D74979-74C7-47EE-ACBD-2FC87729CB3D}"
EndProject
Global
	GlobalSection(SolutionConfigurationPlatforms) = preSolution
		Debug|Any CPU = Debug|Any CPU
		Release|Any CPU = Release|Any CPU
	EndGlobalSection
	GlobalSection(ProjectConfigurationPlatforms) = postSolution
		{55963043-0EA2-43E0-BA09-1CB1CE15B469}.Debug|Any CPU.ActiveCfg = Debug|Any CPU
		{55963043-0EA2-43E0-BA09-1CB1CE15B469}.Debug|Any CPU.Build.0 = Debug|Any CPU
		{55963043-0EA2-43E0-BA09-1CB1CE15B469}.Release|Any CPU.ActiveCfg = Release|Any CPU
		{55963043-0EA2-43E0-BA09-1CB1CE15B469}.Release|Any CPU.Build.0 = Release|Any CPU
		{86D74979-74C7-47EE-ACBD-2FC87729CB3D}.Debug|Any CPU.ActiveCfg = Debug|Any CPU
		{86D74979-74C7-47EE-ACBD-2FC87729CB3D}.Debug|Any CPU.Build.0 = Debug|Any CPU
		{86D74979-74C7-47EE-ACBD-2FC87729CB3D}.Release|Any CPU.ActiveCfg = Release|Any CPU
		{86D74979-74C7-47EE-ACBD-2FC87729CB3D}.Release|Any CPU.Build.0 = Release|Any CPU
	EndGlobalSection
	GlobalSection(SolutionProperties) = preSolution
		HideSolutionNode = FALSE
	EndGlobalSection
	GlobalSection(ExtensibilityGlobals) = postSolution
		SolutionGuid = {6B33BEB4-F83D-4FA0-A528-00D37D7C5CBB}
	EndGlobalSection
EndGlobal
